
Microsoft Visual Studio Solution File, Format Version 12.00
# Visual Studio Version 17
VisualStudioVersion = 17.3.32922.545
MinimumVisualStudioVersion = 10.0.40219.1
Project("{FAE04EC0-301F-11D3-BF4B-00C04F79EFBC}") = "WwwToolTemplate", "WwwToolTemplate.csproj", "{ABBBB2C5-B19D-4E5E-95C9-D8CD39033755}"
EndProject
Global
	GlobalSection(SolutionConfigurationPlatforms) = preSolution
		Debug|Any CPU = Debug|Any CPU
		Release|Any CPU = Release|Any CPU
	EndGlobalSection
	GlobalSection(ProjectConfigurationPlatforms) = postSolution
		{ABBBB2C5-B19D-4E5E-95C9-D8CD39033755}.Debug|Any CPU.ActiveCfg = Debug|Any CPU
		{ABBBB2C5-B19D-4E5E-95C9-D8CD39033755}.Debug|Any CPU.Build.0 = Debug|Any CPU
		{ABBBB2C5-B19D-4E5E-95C9-D8CD39033755}.Release|Any CPU.ActiveCfg = Release|Any CPU
		{ABBBB2C5-B19D-4E5E-95C9-D8CD39033755}.Release|Any CPU.Build.0 = Release|Any CPU
	EndGlobalSection
	GlobalSection(SolutionProperties) = preSolution
		HideSolutionNode = FALSE
	EndGlobalSection
	GlobalSection(ExtensibilityGlobals) = postSolution
		SolutionGuid = {72A92825-3E86-4F06-9985-EC15509DE5C3}
	EndGlobalSection
EndGlobal
